// !$*UTF8*$!
{
	archiveVersion = 1;
	classes = {
	};
	objectVersion = 46;
	objects = {

/* Begin PBXBuildFile section */
		1223163A1CF13E8100BBB2F8 /* main.m in Sources */ = {isa = PBXBuildFile; fileRef = 122316391CF13E8100BBB2F8 /* main.m */; };
		1223163D1CF13E8100BBB2F8 /* AppDelegate.m in Sources */ = {isa = PBXBuildFile; fileRef = 1223163C1CF13E8100BBB2F8 /* AppDelegate.m */; };
		122316431CF13E8100BBB2F8 /* Main.storyboard in Resources */ = {isa = PBXBuildFile; fileRef = 122316411CF13E8100BBB2F8 /* Main.storyboard */; };
		122316461CF13E8100BBB2F8 /* VOIQPokedex.xcdatamodeld in Sources */ = {isa = PBXBuildFile; fileRef = 122316441CF13E8100BBB2F8 /* VOIQPokedex.xcdatamodeld */; };
		122316481CF13E8100BBB2F8 /* Assets.xcassets in Resources */ = {isa = PBXBuildFile; fileRef = 122316471CF13E8100BBB2F8 /* Assets.xcassets */; };
		1223164B1CF13E8100BBB2F8 /* LaunchScreen.storyboard in Resources */ = {isa = PBXBuildFile; fileRef = 122316491CF13E8100BBB2F8 /* LaunchScreen.storyboard */; };
		122316561CF13E8100BBB2F8 /* VOIQPokedexTests.m in Sources */ = {isa = PBXBuildFile; fileRef = 122316551CF13E8100BBB2F8 /* VOIQPokedexTests.m */; };
		122316611CF13E8100BBB2F8 /* VOIQPokedexUITests.m in Sources */ = {isa = PBXBuildFile; fileRef = 122316601CF13E8100BBB2F8 /* VOIQPokedexUITests.m */; };
		122316711CF13FEC00BBB2F8 /* HomeViewController.m in Sources */ = {isa = PBXBuildFile; fileRef = 122316701CF13FEC00BBB2F8 /* HomeViewController.m */; };
		122316751CF1407800BBB2F8 /* ServicesManager.m in Sources */ = {isa = PBXBuildFile; fileRef = 122316741CF1407800BBB2F8 /* ServicesManager.m */; };
		122316791CF1456400BBB2F8 /* Constants.m in Sources */ = {isa = PBXBuildFile; fileRef = 122316781CF1456400BBB2F8 /* Constants.m */; };
		1223167F1CF14BD000BBB2F8 /* Localizable.strings in Resources */ = {isa = PBXBuildFile; fileRef = 1223167E1CF14BD000BBB2F8 /* Localizable.strings */; };
		122316861CF155CF00BBB2F8 /* PokemonDataAccess.m in Sources */ = {isa = PBXBuildFile; fileRef = 122316851CF155CF00BBB2F8 /* PokemonDataAccess.m */; };
		1223168F1CF1797A00BBB2F8 /* DetailViewController.m in Sources */ = {isa = PBXBuildFile; fileRef = 1223168E1CF1797A00BBB2F8 /* DetailViewController.m */; };
		1223169B1CF1890E00BBB2F8 /* Pokemon+CoreDataProperties.m in Sources */ = {isa = PBXBuildFile; fileRef = 122316981CF1890E00BBB2F8 /* Pokemon+CoreDataProperties.m */; };
		1223169C1CF1890E00BBB2F8 /* Pokemon.m in Sources */ = {isa = PBXBuildFile; fileRef = 1223169A1CF1890E00BBB2F8 /* Pokemon.m */; };
		1223169F1CF192F500BBB2F8 /* ActivityIndicatorView.m in Sources */ = {isa = PBXBuildFile; fileRef = 1223169E1CF192F500BBB2F8 /* ActivityIndicatorView.m */; };
		122316A21CF1998900BBB2F8 /* UIScrollView+InfiniteScroll.m in Sources */ = {isa = PBXBuildFile; fileRef = 122316A11CF1998900BBB2F8 /* UIScrollView+InfiniteScroll.m */; };
/* End PBXBuildFile section */

/* Begin PBXContainerItemProxy section */
		122316521CF13E8100BBB2F8 /* PBXContainerItemProxy */ = {
			isa = PBXContainerItemProxy;
			containerPortal = 1223162D1CF13E8000BBB2F8 /* Project object */;
			proxyType = 1;
			remoteGlobalIDString = 122316341CF13E8100BBB2F8;
			remoteInfo = VOIQPokedex;
		};
		1223165D1CF13E8100BBB2F8 /* PBXContainerItemProxy */ = {
			isa = PBXContainerItemProxy;
			containerPortal = 1223162D1CF13E8000BBB2F8 /* Project object */;
			proxyType = 1;
			remoteGlobalIDString = 122316341CF13E8100BBB2F8;
			remoteInfo = VOIQPokedex;
		};
/* End PBXContainerItemProxy section */

/* Begin PBXFileReference section */
		122316351CF13E8100BBB2F8 /* VOIQPokedex.app */ = {isa = PBXFileReference; explicitFileType = wrapper.application; includeInIndex = 0; path = VOIQPokedex.app; sourceTree = BUILT_PRODUCTS_DIR; };
		122316391CF13E8100BBB2F8 /* main.m */ = {isa = PBXFileReference; lastKnownFileType = sourcecode.c.objc; path = main.m; sourceTree = "<group>"; };
		1223163B1CF13E8100BBB2F8 /* AppDelegate.h */ = {isa = PBXFileReference; lastKnownFileType = sourcecode.c.h; path = AppDelegate.h; sourceTree = "<group>"; };
		1223163C1CF13E8100BBB2F8 /* AppDelegate.m */ = {isa = PBXFileReference; lastKnownFileType = sourcecode.c.objc; path = AppDelegate.m; sourceTree = "<group>"; };
		122316421CF13E8100BBB2F8 /* Base */ = {isa = PBXFileReference; lastKnownFileType = file.storyboard; name = Base; path = Base.lproj/Main.storyboard; sourceTree = "<group>"; };
		122316451CF13E8100BBB2F8 /* VOIQPokedex.xcdatamodel */ = {isa = PBXFileReference; lastKnownFileType = wrapper.xcdatamodel; path = VOIQPokedex.xcdatamodel; sourceTree = "<group>"; };
		122316471CF13E8100BBB2F8 /* Assets.xcassets */ = {isa = PBXFileReference; lastKnownFileType = folder.assetcatalog; path = Assets.xcassets; sourceTree = "<group>"; };
		1223164A1CF13E8100BBB2F8 /* Base */ = {isa = PBXFileReference; lastKnownFileType = file.storyboard; name = Base; path = Base.lproj/LaunchScreen.storyboard; sourceTree = "<group>"; };
		1223164C1CF13E8100BBB2F8 /* Info.plist */ = {isa = PBXFileReference; lastKnownFileType = text.plist.xml; path = Info.plist; sourceTree = "<group>"; };
		122316511CF13E8100BBB2F8 /* VOIQPokedexTests.xctest */ = {isa = PBXFileReference; explicitFileType = wrapper.cfbundle; includeInIndex = 0; path = VOIQPokedexTests.xctest; sourceTree = BUILT_PRODUCTS_DIR; };
		122316551CF13E8100BBB2F8 /* VOIQPokedexTests.m */ = {isa = PBXFileReference; lastKnownFileType = sourcecode.c.objc; path = VOIQPokedexTests.m; sourceTree = "<group>"; };
		122316571CF13E8100BBB2F8 /* Info.plist */ = {isa = PBXFileReference; lastKnownFileType = text.plist.xml; path = Info.plist; sourceTree = "<group>"; };
		1223165C1CF13E8100BBB2F8 /* VOIQPokedexUITests.xctest */ = {isa = PBXFileReference; explicitFileType = wrapper.cfbundle; includeInIndex = 0; path = VOIQPokedexUITests.xctest; sourceTree = BUILT_PRODUCTS_DIR; };
		122316601CF13E8100BBB2F8 /* VOIQPokedexUITests.m */ = {isa = PBXFileReference; lastKnownFileType = sourcecode.c.objc; path = VOIQPokedexUITests.m; sourceTree = "<group>"; };
		122316621CF13E8100BBB2F8 /* Info.plist */ = {isa = PBXFileReference; lastKnownFileType = text.plist.xml; path = Info.plist; sourceTree = "<group>"; };
		1223166F1CF13FEC00BBB2F8 /* HomeViewController.h */ = {isa = PBXFileReference; fileEncoding = 4; lastKnownFileType = sourcecode.c.h; name = HomeViewController.h; path = Controllers/HomeViewController.h; sourceTree = "<group>"; };
		122316701CF13FEC00BBB2F8 /* HomeViewController.m */ = {isa = PBXFileReference; fileEncoding = 4; lastKnownFileType = sourcecode.c.objc; name = HomeViewController.m; path = Controllers/HomeViewController.m; sourceTree = "<group>"; };
		122316731CF1407800BBB2F8 /* ServicesManager.h */ = {isa = PBXFileReference; fileEncoding = 4; lastKnownFileType = sourcecode.c.h; name = ServicesManager.h; path = Services/ServicesManager.h; sourceTree = "<group>"; };
		122316741CF1407800BBB2F8 /* ServicesManager.m */ = {isa = PBXFileReference; fileEncoding = 4; lastKnownFileType = sourcecode.c.objc; name = ServicesManager.m; path = Services/ServicesManager.m; sourceTree = "<group>"; };
		122316771CF1456400BBB2F8 /* Constants.h */ = {isa = PBXFileReference; fileEncoding = 4; lastKnownFileType = sourcecode.c.h; name = Constants.h; path = Utils/Constants.h; sourceTree = "<group>"; };
		122316781CF1456400BBB2F8 /* Constants.m */ = {isa = PBXFileReference; fileEncoding = 4; lastKnownFileType = sourcecode.c.objc; name = Constants.m; path = Utils/Constants.m; sourceTree = "<group>"; };
		1223167E1CF14BD000BBB2F8 /* Localizable.strings */ = {isa = PBXFileReference; fileEncoding = 4; lastKnownFileType = text.plist.strings; path = Localizable.strings; sourceTree = "<group>"; };
		122316841CF155CF00BBB2F8 /* PokemonDataAccess.h */ = {isa = PBXFileReference; fileEncoding = 4; lastKnownFileType = sourcecode.c.h; name = PokemonDataAccess.h; path = CoreData/PokemonDataAccess.h; sourceTree = "<group>"; };
		122316851CF155CF00BBB2F8 /* PokemonDataAccess.m */ = {isa = PBXFileReference; fileEncoding = 4; lastKnownFileType = sourcecode.c.objc; name = PokemonDataAccess.m; path = CoreData/PokemonDataAccess.m; sourceTree = "<group>"; };
		1223168D1CF1797A00BBB2F8 /* DetailViewController.h */ = {isa = PBXFileReference; fileEncoding = 4; lastKnownFileType = sourcecode.c.h; name = DetailViewController.h; path = Controllers/DetailViewController.h; sourceTree = "<group>"; };
		1223168E1CF1797A00BBB2F8 /* DetailViewController.m */ = {isa = PBXFileReference; fileEncoding = 4; lastKnownFileType = sourcecode.c.objc; name = DetailViewController.m; path = Controllers/DetailViewController.m; sourceTree = "<group>"; };
		122316971CF1890E00BBB2F8 /* Pokemon+CoreDataProperties.h */ = {isa = PBXFileReference; fileEncoding = 4; lastKnownFileType = sourcecode.c.h; name = "Pokemon+CoreDataProperties.h"; path = "CoreData/Pokemon+CoreDataProperties.h"; sourceTree = "<group>"; };
		122316981CF1890E00BBB2F8 /* Pokemon+CoreDataProperties.m */ = {isa = PBXFileReference; fileEncoding = 4; lastKnownFileType = sourcecode.c.objc; name = "Pokemon+CoreDataProperties.m"; path = "CoreData/Pokemon+CoreDataProperties.m"; sourceTree = "<group>"; };
		122316991CF1890E00BBB2F8 /* Pokemon.h */ = {isa = PBXFileReference; fileEncoding = 4; lastKnownFileType = sourcecode.c.h; name = Pokemon.h; path = CoreData/Pokemon.h; sourceTree = "<group>"; };
		1223169A1CF1890E00BBB2F8 /* Pokemon.m */ = {isa = PBXFileReference; fileEncoding = 4; lastKnownFileType = sourcecode.c.objc; name = Pokemon.m; path = CoreData/Pokemon.m; sourceTree = "<group>"; };
		1223169D1CF192F500BBB2F8 /* ActivityIndicatorView.h */ = {isa = PBXFileReference; fileEncoding = 4; lastKnownFileType = sourcecode.c.h; name = ActivityIndicatorView.h; path = Utils/ActivityIndicatorView.h; sourceTree = "<group>"; };
		1223169E1CF192F500BBB2F8 /* ActivityIndicatorView.m */ = {isa = PBXFileReference; fileEncoding = 4; lastKnownFileType = sourcecode.c.objc; name = ActivityIndicatorView.m; path = Utils/ActivityIndicatorView.m; sourceTree = "<group>"; };
		122316A01CF1998900BBB2F8 /* UIScrollView+InfiniteScroll.h */ = {isa = PBXFileReference; fileEncoding = 4; lastKnownFileType = sourcecode.c.h; name = "UIScrollView+InfiniteScroll.h"; path = "Utils/UIScrollView+InfiniteScroll.h"; sourceTree = "<group>"; };
		122316A11CF1998900BBB2F8 /* UIScrollView+InfiniteScroll.m */ = {isa = PBXFileReference; fileEncoding = 4; lastKnownFileType = sourcecode.c.objc; name = "UIScrollView+InfiniteScroll.m"; path = "Utils/UIScrollView+InfiniteScroll.m"; sourceTree = "<group>"; };
		122316A31CF2012400BBB2F8 /* PrefixHeader.pch */ = {isa = PBXFileReference; fileEncoding = 4; lastKnownFileType = sourcecode.c.h; path = PrefixHeader.pch; sourceTree = "<group>"; };
/* End PBXFileReference section */

/* Begin PBXFrameworksBuildPhase section */
		122316321CF13E8100BBB2F8 /* Frameworks */ = {
			isa = PBXFrameworksBuildPhase;
			buildActionMask = 2147483647;
			files = (
			);
			runOnlyForDeploymentPostprocessing = 0;
		};
		1223164E1CF13E8100BBB2F8 /* Frameworks */ = {
			isa = PBXFrameworksBuildPhase;
			buildActionMask = 2147483647;
			files = (
			);
			runOnlyForDeploymentPostprocessing = 0;
		};
		122316591CF13E8100BBB2F8 /* Frameworks */ = {
			isa = PBXFrameworksBuildPhase;
			buildActionMask = 2147483647;
			files = (
			);
			runOnlyForDeploymentPostprocessing = 0;
		};
/* End PBXFrameworksBuildPhase section */

/* Begin PBXGroup section */
		1223162C1CF13E8000BBB2F8 = {
			isa = PBXGroup;
			children = (
				122316371CF13E8100BBB2F8 /* VOIQPokedex */,
				122316541CF13E8100BBB2F8 /* VOIQPokedexTests */,
				1223165F1CF13E8100BBB2F8 /* VOIQPokedexUITests */,
				122316361CF13E8100BBB2F8 /* Products */,
			);
			sourceTree = "<group>";
		};
		122316361CF13E8100BBB2F8 /* Products */ = {
			isa = PBXGroup;
			children = (
				122316351CF13E8100BBB2F8 /* VOIQPokedex.app */,
				122316511CF13E8100BBB2F8 /* VOIQPokedexTests.xctest */,
				1223165C1CF13E8100BBB2F8 /* VOIQPokedexUITests.xctest */,
			);
			name = Products;
			sourceTree = "<group>";
		};
		122316371CF13E8100BBB2F8 /* VOIQPokedex */ = {
			isa = PBXGroup;
			children = (
				1223163B1CF13E8100BBB2F8 /* AppDelegate.h */,
				1223163C1CF13E8100BBB2F8 /* AppDelegate.m */,
				122316471CF13E8100BBB2F8 /* Assets.xcassets */,
				1223166E1CF13FC400BBB2F8 /* Controllers */,
				122316801CF154B700BBB2F8 /* CoreData */,
				1223164C1CF13E8100BBB2F8 /* Info.plist */,
				122316491CF13E8100BBB2F8 /* LaunchScreen.storyboard */,
				1223167E1CF14BD000BBB2F8 /* Localizable.strings */,
				122316411CF13E8100BBB2F8 /* Main.storyboard */,
				122316721CF1404D00BBB2F8 /* Services */,
				122316381CF13E8100BBB2F8 /* Supporting Files */,
				122316761CF1454300BBB2F8 /* Utils */,
				122316441CF13E8100BBB2F8 /* VOIQPokedex.xcdatamodeld */,
				122316A31CF2012400BBB2F8 /* PrefixHeader.pch */,
			);
			path = VOIQPokedex;
			sourceTree = "<group>";
		};
		122316381CF13E8100BBB2F8 /* Supporting Files */ = {
			isa = PBXGroup;
			children = (
				122316391CF13E8100BBB2F8 /* main.m */,
			);
			name = "Supporting Files";
			sourceTree = "<group>";
		};
		122316541CF13E8100BBB2F8 /* VOIQPokedexTests */ = {
			isa = PBXGroup;
			children = (
				122316551CF13E8100BBB2F8 /* VOIQPokedexTests.m */,
				122316571CF13E8100BBB2F8 /* Info.plist */,
			);
			path = VOIQPokedexTests;
			sourceTree = "<group>";
		};
		1223165F1CF13E8100BBB2F8 /* VOIQPokedexUITests */ = {
			isa = PBXGroup;
			children = (
				122316601CF13E8100BBB2F8 /* VOIQPokedexUITests.m */,
				122316621CF13E8100BBB2F8 /* Info.plist */,
			);
			path = VOIQPokedexUITests;
			sourceTree = "<group>";
		};
		1223166E1CF13FC400BBB2F8 /* Controllers */ = {
			isa = PBXGroup;
			children = (
				1223168D1CF1797A00BBB2F8 /* DetailViewController.h */,
				1223168E1CF1797A00BBB2F8 /* DetailViewController.m */,
				1223166F1CF13FEC00BBB2F8 /* HomeViewController.h */,
				122316701CF13FEC00BBB2F8 /* HomeViewController.m */,
			);
			name = Controllers;
			sourceTree = "<group>";
		};
		122316721CF1404D00BBB2F8 /* Services */ = {
			isa = PBXGroup;
			children = (
				122316731CF1407800BBB2F8 /* ServicesManager.h */,
				122316741CF1407800BBB2F8 /* ServicesManager.m */,
			);
			name = Services;
			sourceTree = "<group>";
		};
		122316761CF1454300BBB2F8 /* Utils */ = {
			isa = PBXGroup;
			children = (
				1223169D1CF192F500BBB2F8 /* ActivityIndicatorView.h */,
				1223169E1CF192F500BBB2F8 /* ActivityIndicatorView.m */,
				122316771CF1456400BBB2F8 /* Constants.h */,
				122316781CF1456400BBB2F8 /* Constants.m */,
				122316A01CF1998900BBB2F8 /* UIScrollView+InfiniteScroll.h */,
				122316A11CF1998900BBB2F8 /* UIScrollView+InfiniteScroll.m */,
			);
			name = Utils;
			sourceTree = "<group>";
		};
		122316801CF154B700BBB2F8 /* CoreData */ = {
			isa = PBXGroup;
			children = (
				122316991CF1890E00BBB2F8 /* Pokemon.h */,
				1223169A1CF1890E00BBB2F8 /* Pokemon.m */,
				122316971CF1890E00BBB2F8 /* Pokemon+CoreDataProperties.h */,
				122316981CF1890E00BBB2F8 /* Pokemon+CoreDataProperties.m */,
				122316841CF155CF00BBB2F8 /* PokemonDataAccess.h */,
				122316851CF155CF00BBB2F8 /* PokemonDataAccess.m */,
			);
			name = CoreData;
			sourceTree = "<group>";
		};
/* End PBXGroup section */

/* Begin PBXNativeTarget section */
		122316341CF13E8100BBB2F8 /* VOIQPokedex */ = {
			isa = PBXNativeTarget;
			buildConfigurationList = 122316651CF13E8100BBB2F8 /* Build configuration list for PBXNativeTarget "VOIQPokedex" */;
			buildPhases = (
				122316311CF13E8100BBB2F8 /* Sources */,
				122316321CF13E8100BBB2F8 /* Frameworks */,
				122316331CF13E8100BBB2F8 /* Resources */,
			);
			buildRules = (
			);
			dependencies = (
			);
			name = VOIQPokedex;
			productName = VOIQPokedex;
			productReference = 122316351CF13E8100BBB2F8 /* VOIQPokedex.app */;
			productType = "com.apple.product-type.application";
		};
		122316501CF13E8100BBB2F8 /* VOIQPokedexTests */ = {
			isa = PBXNativeTarget;
			buildConfigurationList = 122316681CF13E8100BBB2F8 /* Build configuration list for PBXNativeTarget "VOIQPokedexTests" */;
			buildPhases = (
				1223164D1CF13E8100BBB2F8 /* Sources */,
				1223164E1CF13E8100BBB2F8 /* Frameworks */,
				1223164F1CF13E8100BBB2F8 /* Resources */,
			);
			buildRules = (
			);
			dependencies = (
				122316531CF13E8100BBB2F8 /* PBXTargetDependency */,
			);
			name = VOIQPokedexTests;
			productName = VOIQPokedexTests;
			productReference = 122316511CF13E8100BBB2F8 /* VOIQPokedexTests.xctest */;
			productType = "com.apple.product-type.bundle.unit-test";
		};
		1223165B1CF13E8100BBB2F8 /* VOIQPokedexUITests */ = {
			isa = PBXNativeTarget;
			buildConfigurationList = 1223166B1CF13E8100BBB2F8 /* Build configuration list for PBXNativeTarget "VOIQPokedexUITests" */;
			buildPhases = (
				122316581CF13E8100BBB2F8 /* Sources */,
				122316591CF13E8100BBB2F8 /* Frameworks */,
				1223165A1CF13E8100BBB2F8 /* Resources */,
			);
			buildRules = (
			);
			dependencies = (
				1223165E1CF13E8100BBB2F8 /* PBXTargetDependency */,
			);
			name = VOIQPokedexUITests;
			productName = VOIQPokedexUITests;
			productReference = 1223165C1CF13E8100BBB2F8 /* VOIQPokedexUITests.xctest */;
			productType = "com.apple.product-type.bundle.ui-testing";
		};
/* End PBXNativeTarget section */

/* Begin PBXProject section */
		1223162D1CF13E8000BBB2F8 /* Project object */ = {
			isa = PBXProject;
			attributes = {
				LastUpgradeCheck = 0720;
				ORGANIZATIONNAME = "Alejandro Gomez Mutis";
				TargetAttributes = {
					122316341CF13E8100BBB2F8 = {
						CreatedOnToolsVersion = 7.2.1;
						DevelopmentTeam = VVT7TNU84A;
					};
					122316501CF13E8100BBB2F8 = {
						CreatedOnToolsVersion = 7.2.1;
						DevelopmentTeam = VVT7TNU84A;
						TestTargetID = 122316341CF13E8100BBB2F8;
					};
					1223165B1CF13E8100BBB2F8 = {
						CreatedOnToolsVersion = 7.2.1;
						DevelopmentTeam = VVT7TNU84A;
						TestTargetID = 122316341CF13E8100BBB2F8;
					};
				};
			};
			buildConfigurationList = 122316301CF13E8000BBB2F8 /* Build configuration list for PBXProject "VOIQPokedex" */;
			compatibilityVersion = "Xcode 3.2";
			developmentRegion = English;
			hasScannedForEncodings = 0;
			knownRegions = (
				en,
				Base,
			);
			mainGroup = 1223162C1CF13E8000BBB2F8;
			productRefGroup = 122316361CF13E8100BBB2F8 /* Products */;
			projectDirPath = "";
			projectRoot = "";
			targets = (
				122316341CF13E8100BBB2F8 /* VOIQPokedex */,
				122316501CF13E8100BBB2F8 /* VOIQPokedexTests */,
				1223165B1CF13E8100BBB2F8 /* VOIQPokedexUITests */,
			);
		};
/* End PBXProject section */

/* Begin PBXResourcesBuildPhase section */
		122316331CF13E8100BBB2F8 /* Resources */ = {
			isa = PBXResourcesBuildPhase;
			buildActionMask = 2147483647;
			files = (
				1223164B1CF13E8100BBB2F8 /* LaunchScreen.storyboard in Resources */,
				1223167F1CF14BD000BBB2F8 /* Localizable.strings in Resources */,
				122316481CF13E8100BBB2F8 /* Assets.xcassets in Resources */,
				122316431CF13E8100BBB2F8 /* Main.storyboard in Resources */,
			);
			runOnlyForDeploymentPostprocessing = 0;
		};
		1223164F1CF13E8100BBB2F8 /* Resources */ = {
			isa = PBXResourcesBuildPhase;
			buildActionMask = 2147483647;
			files = (
			);
			runOnlyForDeploymentPostprocessing = 0;
		};
		1223165A1CF13E8100BBB2F8 /* Resources */ = {
			isa = PBXResourcesBuildPhase;
			buildActionMask = 2147483647;
			files = (
			);
			runOnlyForDeploymentPostprocessing = 0;
		};
/* End PBXResourcesBuildPhase section */

/* Begin PBXSourcesBuildPhase section */
		122316311CF13E8100BBB2F8 /* Sources */ = {
			isa = PBXSourcesBuildPhase;
			buildActionMask = 2147483647;
			files = (
				1223163D1CF13E8100BBB2F8 /* AppDelegate.m in Sources */,
				122316751CF1407800BBB2F8 /* ServicesManager.m in Sources */,
				122316861CF155CF00BBB2F8 /* PokemonDataAccess.m in Sources */,
				1223169C1CF1890E00BBB2F8 /* Pokemon.m in Sources */,
				1223163A1CF13E8100BBB2F8 /* main.m in Sources */,
				1223168F1CF1797A00BBB2F8 /* DetailViewController.m in Sources */,
				1223169B1CF1890E00BBB2F8 /* Pokemon+CoreDataProperties.m in Sources */,
				122316461CF13E8100BBB2F8 /* VOIQPokedex.xcdatamodeld in Sources */,
				122316A21CF1998900BBB2F8 /* UIScrollView+InfiniteScroll.m in Sources */,
				122316711CF13FEC00BBB2F8 /* HomeViewController.m in Sources */,
				1223169F1CF192F500BBB2F8 /* ActivityIndicatorView.m in Sources */,
				122316791CF1456400BBB2F8 /* Constants.m in Sources */,
			);
			runOnlyForDeploymentPostprocessing = 0;
		};
		1223164D1CF13E8100BBB2F8 /* Sources */ = {
			isa = PBXSourcesBuildPhase;
			buildActionMask = 2147483647;
			files = (
				122316561CF13E8100BBB2F8 /* VOIQPokedexTests.m in Sources */,
			);
			runOnlyForDeploymentPostprocessing = 0;
		};
		122316581CF13E8100BBB2F8 /* Sources */ = {
			isa = PBXSourcesBuildPhase;
			buildActionMask = 2147483647;
			files = (
				122316611CF13E8100BBB2F8 /* VOIQPokedexUITests.m in Sources */,
			);
			runOnlyForDeploymentPostprocessing = 0;
		};
/* End PBXSourcesBuildPhase section */

/* Begin PBXTargetDependency section */
		122316531CF13E8100BBB2F8 /* PBXTargetDependency */ = {
			isa = PBXTargetDependency;
			target = 122316341CF13E8100BBB2F8 /* VOIQPokedex */;
			targetProxy = 122316521CF13E8100BBB2F8 /* PBXContainerItemProxy */;
		};
		1223165E1CF13E8100BBB2F8 /* PBXTargetDependency */ = {
			isa = PBXTargetDependency;
			target = 122316341CF13E8100BBB2F8 /* VOIQPokedex */;
			targetProxy = 1223165D1CF13E8100BBB2F8 /* PBXContainerItemProxy */;
		};
/* End PBXTargetDependency section */

/* Begin PBXVariantGroup section */
		122316411CF13E8100BBB2F8 /* Main.storyboard */ = {
			isa = PBXVariantGroup;
			children = (
				122316421CF13E8100BBB2F8 /* Base */,
			);
			name = Main.storyboard;
			sourceTree = "<group>";
		};
		122316491CF13E8100BBB2F8 /* LaunchScreen.storyboard */ = {
			isa = PBXVariantGroup;
			children = (
				1223164A1CF13E8100BBB2F8 /* Base */,
			);
			name = LaunchScreen.storyboard;
			sourceTree = "<group>";
		};
/* End PBXVariantGroup section */

/* Begin XCBuildConfiguration section */
		122316631CF13E8100BBB2F8 /* Debug */ = {
			isa = XCBuildConfiguration;
			buildSettings = {
				ALWAYS_SEARCH_USER_PATHS = NO;
				CLANG_CXX_LANGUAGE_STANDARD = "gnu++0x";
				CLANG_CXX_LIBRARY = "libc++";
				CLANG_ENABLE_MODULES = YES;
				CLANG_ENABLE_OBJC_ARC = YES;
				CLANG_WARN_BOOL_CONVERSION = YES;
				CLANG_WARN_CONSTANT_CONVERSION = YES;
				CLANG_WARN_DIRECT_OBJC_ISA_USAGE = YES_ERROR;
				CLANG_WARN_EMPTY_BODY = YES;
				CLANG_WARN_ENUM_CONVERSION = YES;
				CLANG_WARN_INT_CONVERSION = YES;
				CLANG_WARN_OBJC_ROOT_CLASS = YES_ERROR;
				CLANG_WARN_UNREACHABLE_CODE = YES;
				CLANG_WARN__DUPLICATE_METHOD_MATCH = YES;
				"CODE_SIGN_IDENTITY[sdk=iphoneos*]" = "iPhone Developer";
				COPY_PHASE_STRIP = NO;
				DEBUG_INFORMATION_FORMAT = dwarf;
				ENABLE_STRICT_OBJC_MSGSEND = YES;
				ENABLE_TESTABILITY = YES;
				GCC_C_LANGUAGE_STANDARD = gnu99;
				GCC_DYNAMIC_NO_PIC = NO;
				GCC_NO_COMMON_BLOCKS = YES;
				GCC_OPTIMIZATION_LEVEL = 0;
				GCC_PREPROCESSOR_DEFINITIONS = (
					"DEBUG=1",
					"$(inherited)",
				);
				GCC_WARN_64_TO_32_BIT_CONVERSION = YES;
				GCC_WARN_ABOUT_RETURN_TYPE = YES_ERROR;
				GCC_WARN_UNDECLARED_SELECTOR = YES;
				GCC_WARN_UNINITIALIZED_AUTOS = YES_AGGRESSIVE;
				GCC_WARN_UNUSED_FUNCTION = YES;
				GCC_WARN_UNUSED_VARIABLE = YES;
				IPHONEOS_DEPLOYMENT_TARGET = 9.2;
				MTL_ENABLE_DEBUG_INFO = YES;
				ONLY_ACTIVE_ARCH = YES;
				SDKROOT = iphoneos;
				TARGETED_DEVICE_FAMILY = "1,2";
			};
			name = Debug;
		};
		122316641CF13E8100BBB2F8 /* Release */ = {
			isa = XCBuildConfiguration;
			buildSettings = {
				ALWAYS_SEARCH_USER_PATHS = NO;
				CLANG_CXX_LANGUAGE_STANDARD = "gnu++0x";
				CLANG_CXX_LIBRARY = "libc++";
				CLANG_ENABLE_MODULES = YES;
				CLANG_ENABLE_OBJC_ARC = YES;
				CLANG_WARN_BOOL_CONVERSION = YES;
				CLANG_WARN_CONSTANT_CONVERSION = YES;
				CLANG_WARN_DIRECT_OBJC_ISA_USAGE = YES_ERROR;
				CLANG_WARN_EMPTY_BODY = YES;
				CLANG_WARN_ENUM_CONVERSION = YES;
				CLANG_WARN_INT_CONVERSION = YES;
				CLANG_WARN_OBJC_ROOT_CLASS = YES_ERROR;
				CLANG_WARN_UNREACHABLE_CODE = YES;
				CLANG_WARN__DUPLICATE_METHOD_MATCH = YES;
				"CODE_SIGN_IDENTITY[sdk=iphoneos*]" = "iPhone Developer";
				COPY_PHASE_STRIP = NO;
				DEBUG_INFORMATION_FORMAT = "dwarf-with-dsym";
				ENABLE_NS_ASSERTIONS = NO;
				ENABLE_STRICT_OBJC_MSGSEND = YES;
				GCC_C_LANGUAGE_STANDARD = gnu99;
				GCC_NO_COMMON_BLOCKS = YES;
				GCC_WARN_64_TO_32_BIT_CONVERSION = YES;
				GCC_WARN_ABOUT_RETURN_TYPE = YES_ERROR;
				GCC_WARN_UNDECLARED_SELECTOR = YES;
				GCC_WARN_UNINITIALIZED_AUTOS = YES_AGGRESSIVE;
				GCC_WARN_UNUSED_FUNCTION = YES;
				GCC_WARN_UNUSED_VARIABLE = YES;
				IPHONEOS_DEPLOYMENT_TARGET = 9.2;
				MTL_ENABLE_DEBUG_INFO = NO;
				SDKROOT = iphoneos;
				TARGETED_DEVICE_FAMILY = "1,2";
				VALIDATE_PRODUCT = YES;
			};
			name = Release;
		};
		122316661CF13E8100BBB2F8 /* Debug */ = {
			isa = XCBuildConfiguration;
			buildSettings = {
				ASSETCATALOG_COMPILER_APPICON_NAME = AppIcon;
				GCC_PRECOMPILE_PREFIX_HEADER = YES;
				GCC_PREFIX_HEADER = "$(SRCROOT)/VOIQPokedex/PrefixHeader.pch";
				INFOPLIST_FILE = VOIQPokedex/Info.plist;
				IPHONEOS_DEPLOYMENT_TARGET = 8.0;
				LD_RUNPATH_SEARCH_PATHS = "$(inherited) @executable_path/Frameworks";
				PRODUCT_BUNDLE_IDENTIFIER = agomez.VOIQPokedex;
				PRODUCT_NAME = "$(TARGET_NAME)";
				TARGETED_DEVICE_FAMILY = 1;
			};
			name = Debug;
		};
		122316671CF13E8100BBB2F8 /* Release */ = {
			isa = XCBuildConfiguration;
			buildSettings = {
				ASSETCATALOG_COMPILER_APPICON_NAME = AppIcon;
				GCC_PRECOMPILE_PREFIX_HEADER = YES;
				GCC_PREFIX_HEADER = "$(SRCROOT)/VOIQPokedex/PrefixHeader.pch";
				INFOPLIST_FILE = VOIQPokedex/Info.plist;
				IPHONEOS_DEPLOYMENT_TARGET = 8.0;
				LD_RUNPATH_SEARCH_PATHS = "$(inherited) @executable_path/Frameworks";
				PRODUCT_BUNDLE_IDENTIFIER = agomez.VOIQPokedex;
				PRODUCT_NAME = "$(TARGET_NAME)";
				TARGETED_DEVICE_FAMILY = 1;
			};
			name = Release;
		};
		122316691CF13E8100BBB2F8 /* Debug */ = {
			isa = XCBuildConfiguration;
			buildSettings = {
				BUNDLE_LOADER = "$(TEST_HOST)";
				INFOPLIST_FILE = VOIQPokedexTests/Info.plist;
				LD_RUNPATH_SEARCH_PATHS = "$(inherited) @executable_path/Frameworks @loader_path/Frameworks";
				PRODUCT_BUNDLE_IDENTIFIER = agomez.VOIQPokedexTests;
				PRODUCT_NAME = "$(TARGET_NAME)";
				TEST_HOST = "$(BUILT_PRODUCTS_DIR)/VOIQPokedex.app/VOIQPokedex";
			};
			name = Debug;
		};
		1223166A1CF13E8100BBB2F8 /* Release */ = {
			isa = XCBuildConfiguration;
			buildSettings = {
				BUNDLE_LOADER = "$(TEST_HOST)";
				INFOPLIST_FILE = VOIQPokedexTests/Info.plist;
				LD_RUNPATH_SEARCH_PATHS = "$(inherited) @executable_path/Frameworks @loader_path/Frameworks";
				PRODUCT_BUNDLE_IDENTIFIER = agomez.VOIQPokedexTests;
				PRODUCT_NAME = "$(TARGET_NAME)";
				TEST_HOST = "$(BUILT_PRODUCTS_DIR)/VOIQPokedex.app/VOIQPokedex";
			};
			name = Release;
		};
		1223166C1CF13E8100BBB2F8 /* Debug */ = {
			isa = XCBuildConfiguration;
			buildSettings = {
				INFOPLIST_FILE = VOIQPokedexUITests/Info.plist;
				LD_RUNPATH_SEARCH_PATHS = "$(inherited) @executable_path/Frameworks @loader_path/Frameworks";
				PRODUCT_BUNDLE_IDENTIFIER = agomez.VOIQPokedexUITests;
				PRODUCT_NAME = "$(TARGET_NAME)";
				TEST_TARGET_NAME = VOIQPokedex;
				USES_XCTRUNNER = YES;
			};
			name = Debug;
		};
		1223166D1CF13E8100BBB2F8 /* Release */ = {
			isa = XCBuildConfiguration;
			buildSettings = {
				INFOPLIST_FILE = VOIQPokedexUITests/Info.plist;
				LD_RUNPATH_SEARCH_PATHS = "$(inherited) @executable_path/Frameworks @loader_path/Frameworks";
				PRODUCT_BUNDLE_IDENTIFIER = agomez.VOIQPokedexUITests;
				PRODUCT_NAME = "$(TARGET_NAME)";
				TEST_TARGET_NAME = VOIQPokedex;
				USES_XCTRUNNER = YES;
			};
			name = Release;
		};
/* End XCBuildConfiguration section */

/* Begin XCConfigurationList section */
		122316301CF13E8000BBB2F8 /* Build configuration list for PBXProject "VOIQPokedex" */ = {
			isa = XCConfigurationList;
			buildConfigurations = (
				122316631CF13E8100BBB2F8 /* Debug */,
				122316641CF13E8100BBB2F8 /* Release */,
			);
			defaultConfigurationIsVisible = 0;
			defaultConfigurationName = Release;
		};
		122316651CF13E8100BBB2F8 /* Build configuration list for PBXNativeTarget "VOIQPokedex" */ = {
			isa = XCConfigurationList;
			buildConfigurations = (
				122316661CF13E8100BBB2F8 /* Debug */,
				122316671CF13E8100BBB2F8 /* Release */,
			);
			defaultConfigurationIsVisible = 0;
		};
		122316681CF13E8100BBB2F8 /* Build configuration list for PBXNativeTarget "VOIQPokedexTests" */ = {
			isa = XCConfigurationList;
			buildConfigurations = (
				122316691CF13E8100BBB2F8 /* Debug */,
				1223166A1CF13E8100BBB2F8 /* Release */,
			);
			defaultConfigurationIsVisible = 0;
		};
		1223166B1CF13E8100BBB2F8 /* Build configuration list for PBXNativeTarget "VOIQPokedexUITests" */ = {
			isa = XCConfigurationList;
			buildConfigurations = (
				1223166C1CF13E8100BBB2F8 /* Debug */,
				1223166D1CF13E8100BBB2F8 /* Release */,
			);
			defaultConfigurationIsVisible = 0;
		};
/* End XCConfigurationList section */

/* Begin XCVersionGroup section */
		122316441CF13E8100BBB2F8 /* VOIQPokedex.xcdatamodeld */ = {
			isa = XCVersionGroup;
			children = (
				122316451CF13E8100BBB2F8 /* VOIQPokedex.xcdatamodel */,
			);
			currentVersion = 122316451CF13E8100BBB2F8 /* VOIQPokedex.xcdatamodel */;
			path = VOIQPokedex.xcdatamodeld;
			sourceTree = "<group>";
			versionGroupType = wrapper.xcdatamodel;
		};
/* End XCVersionGroup section */
	};
	rootObject = 1223162D1CF13E8000BBB2F8 /* Project object */;
}
